
Microsoft Visual Studio Solution File, Format Version 12.00
# Visual Studio Version 17
VisualStudioVersion = 17.13.35806.99 d17.13
MinimumVisualStudioVersion = 10.0.40219.1
Project("{FAE04EC0-301F-11D3-BF4B-00C04F79EFBC}") = "GenericList", "GenericList\GenericList.csproj", "{3033DA35-64E0-44F0-8847-0F0EDC8E0612}"
EndProject
Global
	GlobalSection(SolutionConfigurationPlatforms) = preSolution
		Debug|Any CPU = Debug|Any CPU
		Release|Any CPU = Release|Any CPU
	EndGlobalSection
	GlobalSection(ProjectConfigurationPlatforms) = postSolution
		{3033DA35-64E0-44F0-8847-0F0EDC8E0612}.Debug|Any CPU.ActiveCfg = Debug|Any CPU
		{3033DA35-64E0-44F0-8847-0F0EDC8E0612}.Debug|Any CPU.Build.0 = Debug|Any CPU
		{3033DA35-64E0-44F0-8847-0F0EDC8E0612}.Release|Any CPU.ActiveCfg = Release|Any CPU
		{3033DA35-64E0-44F0-8847-0F0EDC8E0612}.Release|Any CPU.Build.0 = Release|Any CPU
	EndGlobalSection
	GlobalSection(SolutionProperties) = preSolution
		HideSolutionNode = FALSE
	EndGlobalSection
	GlobalSection(ExtensibilityGlobals) = postSolution
		SolutionGuid = {080C05A0-2D68-4D43-BB3E-62311E0BC638}
	EndGlobalSection
EndGlobal
